// !$*UTF8*$!
{
	archiveVersion = 1;
	classes = {
	};
	objectVersion = 46;
	objects = {

/* Begin PBXBuildFile section */
		5AA4BBFB1B689756008204E2 /* MapDetail.m in Sources */ = {isa = PBXBuildFile; fileRef = 5AA4BBFA1B689756008204E2 /* MapDetail.m */; };
		5AA4BBFE1B689847008204E2 /* DetailViewController.m in Sources */ = {isa = PBXBuildFile; fileRef = 5AA4BBFD1B689847008204E2 /* DetailViewController.m */; };
		5AACF2861B6731CB00A762B1 /* main.m in Sources */ = {isa = PBXBuildFile; fileRef = 5AACF2851B6731CB00A762B1 /* main.m */; };
		5AACF2891B6731CB00A762B1 /* AppDelegate.m in Sources */ = {isa = PBXBuildFile; fileRef = 5AACF2881B6731CB00A762B1 /* AppDelegate.m */; };
		5AACF28C1B6731CB00A762B1 /* HomeViewController.m in Sources */ = {isa = PBXBuildFile; fileRef = 5AACF28B1B6731CB00A762B1 /* HomeViewController.m */; };
		5AACF2921B6731CB00A762B1 /* Main.storyboard in Resources */ = {isa = PBXBuildFile; fileRef = 5AACF2901B6731CB00A762B1 /* Main.storyboard */; };
		5AACF2941B6731CB00A762B1 /* Images.xcassets in Resources */ = {isa = PBXBuildFile; fileRef = 5AACF2931B6731CB00A762B1 /* Images.xcassets */; };
		5AACF2971B6731CB00A762B1 /* LaunchScreen.xib in Resources */ = {isa = PBXBuildFile; fileRef = 5AACF2951B6731CB00A762B1 /* LaunchScreen.xib */; };
		5AACF2A31B6731CB00A762B1 /* IndoorMapsTests.m in Sources */ = {isa = PBXBuildFile; fileRef = 5AACF2A21B6731CB00A762B1 /* IndoorMapsTests.m */; };
		5AACF2AE1B67341600A762B1 /* SearchViewController.m in Sources */ = {isa = PBXBuildFile; fileRef = 5AACF2AD1B67341600A762B1 /* SearchViewController.m */; };
		5AACF2B11B67348600A762B1 /* CreateViewController.m in Sources */ = {isa = PBXBuildFile; fileRef = 5AACF2B01B67348600A762B1 /* CreateViewController.m */; };
		5AACF2B41B6737AC00A762B1 /* MapViewController.m in Sources */ = {isa = PBXBuildFile; fileRef = 5AACF2B31B6737AC00A762B1 /* MapViewController.m */; };
		5AACF2B71B6738E000A762B1 /* CreateListViewController.m in Sources */ = {isa = PBXBuildFile; fileRef = 5AACF2B61B6738E000A762B1 /* CreateListViewController.m */; };
		5AACF2BA1B67450D00A762B1 /* TabBarViewController.m in Sources */ = {isa = PBXBuildFile; fileRef = 5AACF2B91B67450D00A762B1 /* TabBarViewController.m */; };
		5AB1444A1B69D24E00C3CEFB /* Map.m in Sources */ = {isa = PBXBuildFile; fileRef = 5AB144491B69D24E00C3CEFB /* Map.m */; };
		5AB1444D1B69D86800C3CEFB /* MapLoadSave.m in Sources */ = {isa = PBXBuildFile; fileRef = 5AB1444C1B69D86800C3CEFB /* MapLoadSave.m */; };
		5AB144551B7079E300C3CEFB /* Bolts.framework in Frameworks */ = {isa = PBXBuildFile; fileRef = 5AB144531B7079E300C3CEFB /* Bolts.framework */; };
		5AB144581B707A1800C3CEFB /* AudioToolbox.framework in Frameworks */ = {isa = PBXBuildFile; fileRef = 5AB144571B707A1800C3CEFB /* AudioToolbox.framework */; };
		5AB1445A1B707A2400C3CEFB /* CFNetwork.framework in Frameworks */ = {isa = PBXBuildFile; fileRef = 5AB144591B707A2400C3CEFB /* CFNetwork.framework */; };
		5AB1445C1B707A2F00C3CEFB /* CoreGraphics.framework in Frameworks */ = {isa = PBXBuildFile; fileRef = 5AB1445B1B707A2F00C3CEFB /* CoreGraphics.framework */; };
		5AB1445E1B707A3700C3CEFB /* CoreLocation.framework in Frameworks */ = {isa = PBXBuildFile; fileRef = 5AB1445D1B707A3700C3CEFB /* CoreLocation.framework */; };
		5AB144601B707A3E00C3CEFB /* QuartzCore.framework in Frameworks */ = {isa = PBXBuildFile; fileRef = 5AB1445F1B707A3E00C3CEFB /* QuartzCore.framework */; };
		5AB144621B707A4400C3CEFB /* Security.framework in Frameworks */ = {isa = PBXBuildFile; fileRef = 5AB144611B707A4400C3CEFB /* Security.framework */; };
		5AB144641B707A4A00C3CEFB /* StoreKit.framework in Frameworks */ = {isa = PBXBuildFile; fileRef = 5AB144631B707A4A00C3CEFB /* StoreKit.framework */; };
		5AB144661B707A5600C3CEFB /* SystemConfiguration.framework in Frameworks */ = {isa = PBXBuildFile; fileRef = 5AB144651B707A5600C3CEFB /* SystemConfiguration.framework */; };
		5AB144681B707A6100C3CEFB /* libz.dylib in Frameworks */ = {isa = PBXBuildFile; fileRef = 5AB144671B707A6100C3CEFB /* libz.dylib */; };
		5AB1446A1B707A6A00C3CEFB /* libsqlite3.dylib in Frameworks */ = {isa = PBXBuildFile; fileRef = 5AB144691B707A6A00C3CEFB /* libsqlite3.dylib */; };
		5AB1446C1B707A7800C3CEFB /* Accounts.framework in Frameworks */ = {isa = PBXBuildFile; fileRef = 5AB1446B1B707A7800C3CEFB /* Accounts.framework */; };
		5AB1446E1B707A7E00C3CEFB /* Social.framework in Frameworks */ = {isa = PBXBuildFile; fileRef = 5AB1446D1B707A7E00C3CEFB /* Social.framework */; };
		5AB1446F1B708ECC00C3CEFB /* Parse.framework in Frameworks */ = {isa = PBXBuildFile; fileRef = 5AB144541B7079E300C3CEFB /* Parse.framework */; };
		5AB144701B708F5600C3CEFB /* Bolts.framework in Frameworks */ = {isa = PBXBuildFile; fileRef = 5AB144531B7079E300C3CEFB /* Bolts.framework */; };
		5AB144711B708F5600C3CEFB /* Parse.framework in Frameworks */ = {isa = PBXBuildFile; fileRef = 5AB144541B7079E300C3CEFB /* Parse.framework */; };
		5AB144731B71CA3900C3CEFB /* MyMapsViewController.m in Sources */ = {isa = PBXBuildFile; fileRef = 5AB144721B71CA3900C3CEFB /* MyMapsViewController.m */; };
/* End PBXBuildFile section */

/* Begin PBXContainerItemProxy section */
		5AACF29D1B6731CB00A762B1 /* PBXContainerItemProxy */ = {
			isa = PBXContainerItemProxy;
			containerPortal = 5AACF2781B6731CB00A762B1 /* Project object */;
			proxyType = 1;
			remoteGlobalIDString = 5AACF27F1B6731CB00A762B1;
			remoteInfo = IndoorMaps;
		};
/* End PBXContainerItemProxy section */

/* Begin PBXFileReference section */
		5AA4BBF91B689756008204E2 /* MapDetail.h */ = {isa = PBXFileReference; fileEncoding = 4; lastKnownFileType = sourcecode.c.h; path = MapDetail.h; sourceTree = "<group>"; };
		5AA4BBFA1B689756008204E2 /* MapDetail.m */ = {isa = PBXFileReference; fileEncoding = 4; lastKnownFileType = sourcecode.c.objc; path = MapDetail.m; sourceTree = "<group>"; };
		5AA4BBFC1B689847008204E2 /* DetailViewController.h */ = {isa = PBXFileReference; fileEncoding = 4; lastKnownFileType = sourcecode.c.h; path = DetailViewController.h; sourceTree = "<group>"; };
		5AA4BBFD1B689847008204E2 /* DetailViewController.m */ = {isa = PBXFileReference; fileEncoding = 4; lastKnownFileType = sourcecode.c.objc; path = DetailViewController.m; sourceTree = "<group>"; };
		5AACF2801B6731CB00A762B1 /* IndoorMaps.app */ = {isa = PBXFileReference; explicitFileType = wrapper.application; includeInIndex = 0; path = IndoorMaps.app; sourceTree = BUILT_PRODUCTS_DIR; };
		5AACF2841B6731CB00A762B1 /* Info.plist */ = {isa = PBXFileReference; lastKnownFileType = text.plist.xml; path = Info.plist; sourceTree = "<group>"; };
		5AACF2851B6731CB00A762B1 /* main.m */ = {isa = PBXFileReference; lastKnownFileType = sourcecode.c.objc; path = main.m; sourceTree = "<group>"; };
		5AACF2871B6731CB00A762B1 /* AppDelegate.h */ = {isa = PBXFileReference; lastKnownFileType = sourcecode.c.h; path = AppDelegate.h; sourceTree = "<group>"; };
		5AACF2881B6731CB00A762B1 /* AppDelegate.m */ = {isa = PBXFileReference; lastKnownFileType = sourcecode.c.objc; path = AppDelegate.m; sourceTree = "<group>"; };
		5AACF28A1B6731CB00A762B1 /* HomeViewController.h */ = {isa = PBXFileReference; lastKnownFileType = sourcecode.c.h; path = HomeViewController.h; sourceTree = "<group>"; };
		5AACF28B1B6731CB00A762B1 /* HomeViewController.m */ = {isa = PBXFileReference; lastKnownFileType = sourcecode.c.objc; path = HomeViewController.m; sourceTree = "<group>"; };
		5AACF28D1B6731CB00A762B1 /* MyMapsViewController.h */ = {isa = PBXFileReference; lastKnownFileType = sourcecode.c.h; path = MyMapsViewController.h; sourceTree = "<group>"; };
		5AACF2911B6731CB00A762B1 /* Base */ = {isa = PBXFileReference; lastKnownFileType = file.storyboard; name = Base; path = Base.lproj/Main.storyboard; sourceTree = "<group>"; };
		5AACF2931B6731CB00A762B1 /* Images.xcassets */ = {isa = PBXFileReference; lastKnownFileType = folder.assetcatalog; path = Images.xcassets; sourceTree = "<group>"; };
		5AACF2961B6731CB00A762B1 /* Base */ = {isa = PBXFileReference; lastKnownFileType = file.xib; name = Base; path = Base.lproj/LaunchScreen.xib; sourceTree = "<group>"; };
		5AACF29C1B6731CB00A762B1 /* IndoorMapsTests.xctest */ = {isa = PBXFileReference; explicitFileType = wrapper.cfbundle; includeInIndex = 0; path = IndoorMapsTests.xctest; sourceTree = BUILT_PRODUCTS_DIR; };
		5AACF2A11B6731CB00A762B1 /* Info.plist */ = {isa = PBXFileReference; lastKnownFileType = text.plist.xml; path = Info.plist; sourceTree = "<group>"; };
		5AACF2A21B6731CB00A762B1 /* IndoorMapsTests.m */ = {isa = PBXFileReference; lastKnownFileType = sourcecode.c.objc; path = IndoorMapsTests.m; sourceTree = "<group>"; };
		5AACF2AC1B67341600A762B1 /* SearchViewController.h */ = {isa = PBXFileReference; fileEncoding = 4; lastKnownFileType = sourcecode.c.h; path = SearchViewController.h; sourceTree = "<group>"; };
		5AACF2AD1B67341600A762B1 /* SearchViewController.m */ = {isa = PBXFileReference; fileEncoding = 4; lastKnownFileType = sourcecode.c.objc; path = SearchViewController.m; sourceTree = "<group>"; };
		5AACF2AF1B67348600A762B1 /* CreateViewController.h */ = {isa = PBXFileReference; fileEncoding = 4; lastKnownFileType = sourcecode.c.h; path = CreateViewController.h; sourceTree = "<group>"; };
		5AACF2B01B67348600A762B1 /* CreateViewController.m */ = {isa = PBXFileReference; fileEncoding = 4; lastKnownFileType = sourcecode.c.objc; path = CreateViewController.m; sourceTree = "<group>"; };
		5AACF2B21B6737AC00A762B1 /* MapViewController.h */ = {isa = PBXFileReference; fileEncoding = 4; lastKnownFileType = sourcecode.c.h; path = MapViewController.h; sourceTree = "<group>"; };
		5AACF2B31B6737AC00A762B1 /* MapViewController.m */ = {isa = PBXFileReference; fileEncoding = 4; lastKnownFileType = sourcecode.c.objc; path = MapViewController.m; sourceTree = "<group>"; };
		5AACF2B51B6738E000A762B1 /* CreateListViewController.h */ = {isa = PBXFileReference; fileEncoding = 4; lastKnownFileType = sourcecode.c.h; path = CreateListViewController.h; sourceTree = "<group>"; };
		5AACF2B61B6738E000A762B1 /* CreateListViewController.m */ = {isa = PBXFileReference; fileEncoding = 4; lastKnownFileType = sourcecode.c.objc; path = CreateListViewController.m; sourceTree = "<group>"; };
		5AACF2B81B67450D00A762B1 /* TabBarViewController.h */ = {isa = PBXFileReference; fileEncoding = 4; lastKnownFileType = sourcecode.c.h; name = TabBarViewController.h; path = ../TabBarViewController.h; sourceTree = "<group>"; };
		5AACF2B91B67450D00A762B1 /* TabBarViewController.m */ = {isa = PBXFileReference; fileEncoding = 4; lastKnownFileType = sourcecode.c.objc; name = TabBarViewController.m; path = ../TabBarViewController.m; sourceTree = "<group>"; };
		5AB144481B69D24E00C3CEFB /* Map.h */ = {isa = PBXFileReference; fileEncoding = 4; lastKnownFileType = sourcecode.c.h; path = Map.h; sourceTree = "<group>"; };
		5AB144491B69D24E00C3CEFB /* Map.m */ = {isa = PBXFileReference; fileEncoding = 4; lastKnownFileType = sourcecode.c.objc; path = Map.m; sourceTree = "<group>"; };
		5AB1444B1B69D86800C3CEFB /* MapLoadSave.h */ = {isa = PBXFileReference; fileEncoding = 4; lastKnownFileType = sourcecode.c.h; path = MapLoadSave.h; sourceTree = "<group>"; };
		5AB1444C1B69D86800C3CEFB /* MapLoadSave.m */ = {isa = PBXFileReference; fileEncoding = 4; lastKnownFileType = sourcecode.c.objc; path = MapLoadSave.m; sourceTree = "<group>"; };
		5AB144531B7079E300C3CEFB /* Bolts.framework */ = {isa = PBXFileReference; lastKnownFileType = wrapper.framework; path = Bolts.framework; sourceTree = "<group>"; };
		5AB144541B7079E300C3CEFB /* Parse.framework */ = {isa = PBXFileReference; lastKnownFileType = wrapper.framework; path = Parse.framework; sourceTree = "<group>"; };
		5AB144571B707A1800C3CEFB /* AudioToolbox.framework */ = {isa = PBXFileReference; lastKnownFileType = wrapper.framework; name = AudioToolbox.framework; path = System/Library/Frameworks/AudioToolbox.framework; sourceTree = SDKROOT; };
		5AB144591B707A2400C3CEFB /* CFNetwork.framework */ = {isa = PBXFileReference; lastKnownFileType = wrapper.framework; name = CFNetwork.framework; path = System/Library/Frameworks/CFNetwork.framework; sourceTree = SDKROOT; };
		5AB1445B1B707A2F00C3CEFB /* CoreGraphics.framework */ = {isa = PBXFileReference; lastKnownFileType = wrapper.framework; name = CoreGraphics.framework; path = System/Library/Frameworks/CoreGraphics.framework; sourceTree = SDKROOT; };
		5AB1445D1B707A3700C3CEFB /* CoreLocation.framework */ = {isa = PBXFileReference; lastKnownFileType = wrapper.framework; name = CoreLocation.framework; path = System/Library/Frameworks/CoreLocation.framework; sourceTree = SDKROOT; };
		5AB1445F1B707A3E00C3CEFB /* QuartzCore.framework */ = {isa = PBXFileReference; lastKnownFileType = wrapper.framework; name = QuartzCore.framework; path = System/Library/Frameworks/QuartzCore.framework; sourceTree = SDKROOT; };
		5AB144611B707A4400C3CEFB /* Security.framework */ = {isa = PBXFileReference; lastKnownFileType = wrapper.framework; name = Security.framework; path = System/Library/Frameworks/Security.framework; sourceTree = SDKROOT; };
		5AB144631B707A4A00C3CEFB /* StoreKit.framework */ = {isa = PBXFileReference; lastKnownFileType = wrapper.framework; name = StoreKit.framework; path = System/Library/Frameworks/StoreKit.framework; sourceTree = SDKROOT; };
		5AB144651B707A5600C3CEFB /* SystemConfiguration.framework */ = {isa = PBXFileReference; lastKnownFileType = wrapper.framework; name = SystemConfiguration.framework; path = System/Library/Frameworks/SystemConfiguration.framework; sourceTree = SDKROOT; };
		5AB144671B707A6100C3CEFB /* libz.dylib */ = {isa = PBXFileReference; lastKnownFileType = "compiled.mach-o.dylib"; name = libz.dylib; path = usr/lib/libz.dylib; sourceTree = SDKROOT; };
		5AB144691B707A6A00C3CEFB /* libsqlite3.dylib */ = {isa = PBXFileReference; lastKnownFileType = "compiled.mach-o.dylib"; name = libsqlite3.dylib; path = usr/lib/libsqlite3.dylib; sourceTree = SDKROOT; };
		5AB1446B1B707A7800C3CEFB /* Accounts.framework */ = {isa = PBXFileReference; lastKnownFileType = wrapper.framework; name = Accounts.framework; path = System/Library/Frameworks/Accounts.framework; sourceTree = SDKROOT; };
		5AB1446D1B707A7E00C3CEFB /* Social.framework */ = {isa = PBXFileReference; lastKnownFileType = wrapper.framework; name = Social.framework; path = System/Library/Frameworks/Social.framework; sourceTree = SDKROOT; };
		5AB144721B71CA3900C3CEFB /* MyMapsViewController.m */ = {isa = PBXFileReference; fileEncoding = 4; lastKnownFileType = sourcecode.c.objc; path = MyMapsViewController.m; sourceTree = "<group>"; };
/* End PBXFileReference section */

/* Begin PBXFrameworksBuildPhase section */
		5AACF27D1B6731CB00A762B1 /* Frameworks */ = {
			isa = PBXFrameworksBuildPhase;
			buildActionMask = 2147483647;
			files = (
				5AB1446F1B708ECC00C3CEFB /* Parse.framework in Frameworks */,
				5AB1446E1B707A7E00C3CEFB /* Social.framework in Frameworks */,
				5AB1446C1B707A7800C3CEFB /* Accounts.framework in Frameworks */,
				5AB1446A1B707A6A00C3CEFB /* libsqlite3.dylib in Frameworks */,
				5AB144681B707A6100C3CEFB /* libz.dylib in Frameworks */,
				5AB144661B707A5600C3CEFB /* SystemConfiguration.framework in Frameworks */,
				5AB144641B707A4A00C3CEFB /* StoreKit.framework in Frameworks */,
				5AB144621B707A4400C3CEFB /* Security.framework in Frameworks */,
				5AB144601B707A3E00C3CEFB /* QuartzCore.framework in Frameworks */,
				5AB1445E1B707A3700C3CEFB /* CoreLocation.framework in Frameworks */,
				5AB1445C1B707A2F00C3CEFB /* CoreGraphics.framework in Frameworks */,
				5AB1445A1B707A2400C3CEFB /* CFNetwork.framework in Frameworks */,
				5AB144581B707A1800C3CEFB /* AudioToolbox.framework in Frameworks */,
				5AB144551B7079E300C3CEFB /* Bolts.framework in Frameworks */,
			);
			runOnlyForDeploymentPostprocessing = 0;
		};
		5AACF2991B6731CB00A762B1 /* Frameworks */ = {
			isa = PBXFrameworksBuildPhase;
			buildActionMask = 2147483647;
			files = (
				5AB144701B708F5600C3CEFB /* Bolts.framework in Frameworks */,
				5AB144711B708F5600C3CEFB /* Parse.framework in Frameworks */,
			);
			runOnlyForDeploymentPostprocessing = 0;
		};
/* End PBXFrameworksBuildPhase section */

/* Begin PBXGroup section */
		5AACF2771B6731CB00A762B1 = {
			isa = PBXGroup;
			children = (
				5AB1444E1B7078BB00C3CEFB /* Frameworks */,
				5AACF2821B6731CB00A762B1 /* IndoorMaps */,
				5AACF29F1B6731CB00A762B1 /* IndoorMapsTests */,
				5AACF2811B6731CB00A762B1 /* Products */,
			);
			sourceTree = "<group>";
		};
		5AACF2811B6731CB00A762B1 /* Products */ = {
			isa = PBXGroup;
			children = (
				5AACF2801B6731CB00A762B1 /* IndoorMaps.app */,
				5AACF29C1B6731CB00A762B1 /* IndoorMapsTests.xctest */,
			);
			name = Products;
			sourceTree = "<group>";
		};
		5AACF2821B6731CB00A762B1 /* IndoorMaps */ = {
			isa = PBXGroup;
			children = (
				5AB144521B70796800C3CEFB /* Search */,
				5AB144511B70795300C3CEFB /* Create */,
				5AB144501B70792200C3CEFB /* Main */,
				5AB1444F1B7078D000C3CEFB /* Map */,
				5AACF2901B6731CB00A762B1 /* Main.storyboard */,
				5AACF2931B6731CB00A762B1 /* Images.xcassets */,
				5AACF2951B6731CB00A762B1 /* LaunchScreen.xib */,
				5AACF2831B6731CB00A762B1 /* Supporting Files */,
			);
			path = IndoorMaps;
			sourceTree = "<group>";
		};
		5AACF2831B6731CB00A762B1 /* Supporting Files */ = {
			isa = PBXGroup;
			children = (
				5AACF2841B6731CB00A762B1 /* Info.plist */,
				5AACF2851B6731CB00A762B1 /* main.m */,
			);
			name = "Supporting Files";
			sourceTree = "<group>";
		};
		5AACF29F1B6731CB00A762B1 /* IndoorMapsTests */ = {
			isa = PBXGroup;
			children = (
				5AACF2A21B6731CB00A762B1 /* IndoorMapsTests.m */,
				5AACF2A01B6731CB00A762B1 /* Supporting Files */,
			);
			path = IndoorMapsTests;
			sourceTree = "<group>";
		};
		5AACF2A01B6731CB00A762B1 /* Supporting Files */ = {
			isa = PBXGroup;
			children = (
				5AACF2A11B6731CB00A762B1 /* Info.plist */,
			);
			name = "Supporting Files";
			sourceTree = "<group>";
		};
		5AB1444E1B7078BB00C3CEFB /* Frameworks */ = {
			isa = PBXGroup;
			children = (
				5AB144541B7079E300C3CEFB /* Parse.framework */,
				5AB1446D1B707A7E00C3CEFB /* Social.framework */,
				5AB1446B1B707A7800C3CEFB /* Accounts.framework */,
				5AB144691B707A6A00C3CEFB /* libsqlite3.dylib */,
				5AB144671B707A6100C3CEFB /* libz.dylib */,
				5AB144651B707A5600C3CEFB /* SystemConfiguration.framework */,
				5AB144631B707A4A00C3CEFB /* StoreKit.framework */,
				5AB144611B707A4400C3CEFB /* Security.framework */,
				5AB1445F1B707A3E00C3CEFB /* QuartzCore.framework */,
				5AB1445D1B707A3700C3CEFB /* CoreLocation.framework */,
				5AB1445B1B707A2F00C3CEFB /* CoreGraphics.framework */,
				5AB144591B707A2400C3CEFB /* CFNetwork.framework */,
				5AB144571B707A1800C3CEFB /* AudioToolbox.framework */,
				5AB144531B7079E300C3CEFB /* Bolts.framework */,
			);
			name = Frameworks;
			sourceTree = "<group>";
		};
		5AB1444F1B7078D000C3CEFB /* Map */ = {
			isa = PBXGroup;
			children = (
				5AACF28D1B6731CB00A762B1 /* MyMapsViewController.h */,
				5AB144721B71CA3900C3CEFB /* MyMapsViewController.m */,
				5AACF2B21B6737AC00A762B1 /* MapViewController.h */,
				5AACF2B31B6737AC00A762B1 /* MapViewController.m */,
				5AB144481B69D24E00C3CEFB /* Map.h */,
				5AB144491B69D24E00C3CEFB /* Map.m */,
				5AB1444B1B69D86800C3CEFB /* MapLoadSave.h */,
				5AB1444C1B69D86800C3CEFB /* MapLoadSave.m */,
			);
			name = Map;
			sourceTree = "<group>";
		};
		5AB144501B70792200C3CEFB /* Main */ = {
			isa = PBXGroup;
			children = (
				5AACF2871B6731CB00A762B1 /* AppDelegate.h */,
				5AACF2881B6731CB00A762B1 /* AppDelegate.m */,
				5AACF2B81B67450D00A762B1 /* TabBarViewController.h */,
				5AACF2B91B67450D00A762B1 /* TabBarViewController.m */,
				5AACF28A1B6731CB00A762B1 /* HomeViewController.h */,
				5AACF28B1B6731CB00A762B1 /* HomeViewController.m */,
			);
			name = Main;
			sourceTree = "<group>";
		};
		5AB144511B70795300C3CEFB /* Create */ = {
			isa = PBXGroup;
			children = (
				5AACF2B51B6738E000A762B1 /* CreateListViewController.h */,
				5AACF2B61B6738E000A762B1 /* CreateListViewController.m */,
				5AACF2AF1B67348600A762B1 /* CreateViewController.h */,
				5AACF2B01B67348600A762B1 /* CreateViewController.m */,
			);
			name = Create;
			sourceTree = "<group>";
		};
		5AB144521B70796800C3CEFB /* Search */ = {
			isa = PBXGroup;
			children = (
				5AA4BBF91B689756008204E2 /* MapDetail.h */,
				5AA4BBFA1B689756008204E2 /* MapDetail.m */,
				5AA4BBFC1B689847008204E2 /* DetailViewController.h */,
				5AA4BBFD1B689847008204E2 /* DetailViewController.m */,
				5AACF2AC1B67341600A762B1 /* SearchViewController.h */,
				5AACF2AD1B67341600A762B1 /* SearchViewController.m */,
			);
			name = Search;
			sourceTree = "<group>";
		};
/* End PBXGroup section */

/* Begin PBXNativeTarget section */
		5AACF27F1B6731CB00A762B1 /* IndoorMaps */ = {
			isa = PBXNativeTarget;
			buildConfigurationList = 5AACF2A61B6731CB00A762B1 /* Build configuration list for PBXNativeTarget "IndoorMaps" */;
			buildPhases = (
				5AACF27C1B6731CB00A762B1 /* Sources */,
				5AACF27D1B6731CB00A762B1 /* Frameworks */,
				5AACF27E1B6731CB00A762B1 /* Resources */,
			);
			buildRules = (
			);
			dependencies = (
			);
			name = IndoorMaps;
			productName = IndoorMaps;
			productReference = 5AACF2801B6731CB00A762B1 /* IndoorMaps.app */;
			productType = "com.apple.product-type.application";
		};
		5AACF29B1B6731CB00A762B1 /* IndoorMapsTests */ = {
			isa = PBXNativeTarget;
			buildConfigurationList = 5AACF2A91B6731CB00A762B1 /* Build configuration list for PBXNativeTarget "IndoorMapsTests" */;
			buildPhases = (
				5AACF2981B6731CB00A762B1 /* Sources */,
				5AACF2991B6731CB00A762B1 /* Frameworks */,
				5AACF29A1B6731CB00A762B1 /* Resources */,
			);
			buildRules = (
			);
			dependencies = (
				5AACF29E1B6731CB00A762B1 /* PBXTargetDependency */,
			);
			name = IndoorMapsTests;
			productName = IndoorMapsTests;
			productReference = 5AACF29C1B6731CB00A762B1 /* IndoorMapsTests.xctest */;
			productType = "com.apple.product-type.bundle.unit-test";
		};
/* End PBXNativeTarget section */

/* Begin PBXProject section */
		5AACF2781B6731CB00A762B1 /* Project object */ = {
			isa = PBXProject;
			attributes = {
				LastUpgradeCheck = 0640;
				ORGANIZATIONNAME = solid;
				TargetAttributes = {
					5AACF27F1B6731CB00A762B1 = {
						CreatedOnToolsVersion = 6.4;
					};
					5AACF29B1B6731CB00A762B1 = {
						CreatedOnToolsVersion = 6.4;
						TestTargetID = 5AACF27F1B6731CB00A762B1;
					};
				};
			};
			buildConfigurationList = 5AACF27B1B6731CB00A762B1 /* Build configuration list for PBXProject "IndoorMaps" */;
			compatibilityVersion = "Xcode 3.2";
			developmentRegion = English;
			hasScannedForEncodings = 0;
			knownRegions = (
				en,
				Base,
			);
			mainGroup = 5AACF2771B6731CB00A762B1;
			productRefGroup = 5AACF2811B6731CB00A762B1 /* Products */;
			projectDirPath = "";
			projectRoot = "";
			targets = (
				5AACF27F1B6731CB00A762B1 /* IndoorMaps */,
				5AACF29B1B6731CB00A762B1 /* IndoorMapsTests */,
			);
		};
/* End PBXProject section */

/* Begin PBXResourcesBuildPhase section */
		5AACF27E1B6731CB00A762B1 /* Resources */ = {
			isa = PBXResourcesBuildPhase;
			buildActionMask = 2147483647;
			files = (
				5AACF2921B6731CB00A762B1 /* Main.storyboard in Resources */,
				5AACF2971B6731CB00A762B1 /* LaunchScreen.xib in Resources */,
				5AACF2941B6731CB00A762B1 /* Images.xcassets in Resources */,
			);
			runOnlyForDeploymentPostprocessing = 0;
		};
		5AACF29A1B6731CB00A762B1 /* Resources */ = {
			isa = PBXResourcesBuildPhase;
			buildActionMask = 2147483647;
			files = (
			);
			runOnlyForDeploymentPostprocessing = 0;
		};
/* End PBXResourcesBuildPhase section */

/* Begin PBXSourcesBuildPhase section */
		5AACF27C1B6731CB00A762B1 /* Sources */ = {
			isa = PBXSourcesBuildPhase;
			buildActionMask = 2147483647;
			files = (
				5AA4BBFB1B689756008204E2 /* MapDetail.m in Sources */,
				5AACF2891B6731CB00A762B1 /* AppDelegate.m in Sources */,
				5AB144731B71CA3900C3CEFB /* MyMapsViewController.m in Sources */,
				5AACF2B11B67348600A762B1 /* CreateViewController.m in Sources */,
				5AACF2AE1B67341600A762B1 /* SearchViewController.m in Sources */,
				5AACF2B71B6738E000A762B1 /* CreateListViewController.m in Sources */,
				5AB1444A1B69D24E00C3CEFB /* Map.m in Sources */,
				5AACF28C1B6731CB00A762B1 /* HomeViewController.m in Sources */,
				5AA4BBFE1B689847008204E2 /* DetailViewController.m in Sources */,
				5AACF2861B6731CB00A762B1 /* main.m in Sources */,
				5AACF2BA1B67450D00A762B1 /* TabBarViewController.m in Sources */,
				5AACF2B41B6737AC00A762B1 /* MapViewController.m in Sources */,
				5AB1444D1B69D86800C3CEFB /* MapLoadSave.m in Sources */,
			);
			runOnlyForDeploymentPostprocessing = 0;
		};
		5AACF2981B6731CB00A762B1 /* Sources */ = {
			isa = PBXSourcesBuildPhase;
			buildActionMask = 2147483647;
			files = (
				5AACF2A31B6731CB00A762B1 /* IndoorMapsTests.m in Sources */,
			);
			runOnlyForDeploymentPostprocessing = 0;
		};
/* End PBXSourcesBuildPhase section */

/* Begin PBXTargetDependency section */
		5AACF29E1B6731CB00A762B1 /* PBXTargetDependency */ = {
			isa = PBXTargetDependency;
			target = 5AACF27F1B6731CB00A762B1 /* IndoorMaps */;
			targetProxy = 5AACF29D1B6731CB00A762B1 /* PBXContainerItemProxy */;
		};
/* End PBXTargetDependency section */

/* Begin PBXVariantGroup section */
		5AACF2901B6731CB00A762B1 /* Main.storyboard */ = {
			isa = PBXVariantGroup;
			children = (
				5AACF2911B6731CB00A762B1 /* Base */,
			);
			name = Main.storyboard;
			sourceTree = "<group>";
		};
		5AACF2951B6731CB00A762B1 /* LaunchScreen.xib */ = {
			isa = PBXVariantGroup;
			children = (
				5AACF2961B6731CB00A762B1 /* Base */,
			);
			name = LaunchScreen.xib;
			sourceTree = "<group>";
		};
/* End PBXVariantGroup section */

/* Begin XCBuildConfiguration section */
		5AACF2A41B6731CB00A762B1 /* Debug */ = {
			isa = XCBuildConfiguration;
			buildSettings = {
				ALWAYS_SEARCH_USER_PATHS = NO;
				CLANG_CXX_LANGUAGE_STANDARD = "gnu++0x";
				CLANG_CXX_LIBRARY = "libc++";
				CLANG_ENABLE_MODULES = YES;
				CLANG_ENABLE_OBJC_ARC = YES;
				CLANG_WARN_BOOL_CONVERSION = YES;
				CLANG_WARN_CONSTANT_CONVERSION = YES;
				CLANG_WARN_DIRECT_OBJC_ISA_USAGE = YES_ERROR;
				CLANG_WARN_EMPTY_BODY = YES;
				CLANG_WARN_ENUM_CONVERSION = YES;
				CLANG_WARN_INT_CONVERSION = YES;
				CLANG_WARN_OBJC_ROOT_CLASS = YES_ERROR;
				CLANG_WARN_UNREACHABLE_CODE = YES;
				CLANG_WARN__DUPLICATE_METHOD_MATCH = YES;
				"CODE_SIGN_IDENTITY[sdk=iphoneos*]" = "iPhone Developer";
				COPY_PHASE_STRIP = NO;
				DEBUG_INFORMATION_FORMAT = "dwarf-with-dsym";
				ENABLE_STRICT_OBJC_MSGSEND = YES;
				GCC_C_LANGUAGE_STANDARD = gnu99;
				GCC_DYNAMIC_NO_PIC = NO;
				GCC_NO_COMMON_BLOCKS = YES;
				GCC_OPTIMIZATION_LEVEL = 0;
				GCC_PREPROCESSOR_DEFINITIONS = (
					"DEBUG=1",
					"$(inherited)",
				);
				GCC_SYMBOLS_PRIVATE_EXTERN = NO;
				GCC_WARN_64_TO_32_BIT_CONVERSION = YES;
				GCC_WARN_ABOUT_RETURN_TYPE = YES_ERROR;
				GCC_WARN_UNDECLARED_SELECTOR = YES;
				GCC_WARN_UNINITIALIZED_AUTOS = YES_AGGRESSIVE;
				GCC_WARN_UNUSED_FUNCTION = YES;
				GCC_WARN_UNUSED_VARIABLE = YES;
				IPHONEOS_DEPLOYMENT_TARGET = 8.4;
				MTL_ENABLE_DEBUG_INFO = YES;
				ONLY_ACTIVE_ARCH = YES;
				SDKROOT = iphoneos;
			};
			name = Debug;
		};
		5AACF2A51B6731CB00A762B1 /* Release */ = {
			isa = XCBuildConfiguration;
			buildSettings = {
				ALWAYS_SEARCH_USER_PATHS = NO;
				CLANG_CXX_LANGUAGE_STANDARD = "gnu++0x";
				CLANG_CXX_LIBRARY = "libc++";
				CLANG_ENABLE_MODULES = YES;
				CLANG_ENABLE_OBJC_ARC = YES;
				CLANG_WARN_BOOL_CONVERSION = YES;
				CLANG_WARN_CONSTANT_CONVERSION = YES;
				CLANG_WARN_DIRECT_OBJC_ISA_USAGE = YES_ERROR;
				CLANG_WARN_EMPTY_BODY = YES;
				CLANG_WARN_ENUM_CONVERSION = YES;
				CLANG_WARN_INT_CONVERSION = YES;
				CLANG_WARN_OBJC_ROOT_CLASS = YES_ERROR;
				CLANG_WARN_UNREACHABLE_CODE = YES;
				CLANG_WARN__DUPLICATE_METHOD_MATCH = YES;
				"CODE_SIGN_IDENTITY[sdk=iphoneos*]" = "iPhone Developer";
				COPY_PHASE_STRIP = NO;
				DEBUG_INFORMATION_FORMAT = "dwarf-with-dsym";
				ENABLE_NS_ASSERTIONS = NO;
				ENABLE_STRICT_OBJC_MSGSEND = YES;
				GCC_C_LANGUAGE_STANDARD = gnu99;
				GCC_NO_COMMON_BLOCKS = YES;
				GCC_WARN_64_TO_32_BIT_CONVERSION = YES;
				GCC_WARN_ABOUT_RETURN_TYPE = YES_ERROR;
				GCC_WARN_UNDECLARED_SELECTOR = YES;
				GCC_WARN_UNINITIALIZED_AUTOS = YES_AGGRESSIVE;
				GCC_WARN_UNUSED_FUNCTION = YES;
				GCC_WARN_UNUSED_VARIABLE = YES;
				IPHONEOS_DEPLOYMENT_TARGET = 8.4;
				MTL_ENABLE_DEBUG_INFO = NO;
				SDKROOT = iphoneos;
				VALIDATE_PRODUCT = YES;
			};
			name = Release;
		};
		5AACF2A71B6731CB00A762B1 /* Debug */ = {
			isa = XCBuildConfiguration;
			buildSettings = {
				ASSETCATALOG_COMPILER_APPICON_NAME = AppIcon;
				CODE_SIGN_IDENTITY = "iPhone Developer";
				FRAMEWORK_SEARCH_PATHS = (
					"$(inherited)",
					"$(PROJECT_DIR)",
				);
				INFOPLIST_FILE = IndoorMaps/Info.plist;
				LD_RUNPATH_SEARCH_PATHS = "$(inherited) @executable_path/Frameworks";
				PRODUCT_NAME = "$(TARGET_NAME)";
				TARGETED_DEVICE_FAMILY = 1;
			};
			name = Debug;
		};
		5AACF2A81B6731CB00A762B1 /* Release */ = {
			isa = XCBuildConfiguration;
			buildSettings = {
				ASSETCATALOG_COMPILER_APPICON_NAME = AppIcon;
				CODE_SIGN_IDENTITY = "iPhone Developer";
				FRAMEWORK_SEARCH_PATHS = (
					"$(inherited)",
					"$(PROJECT_DIR)",
				);
				INFOPLIST_FILE = IndoorMaps/Info.plist;
				LD_RUNPATH_SEARCH_PATHS = "$(inherited) @executable_path/Frameworks";
				PRODUCT_NAME = "$(TARGET_NAME)";
				TARGETED_DEVICE_FAMILY = 1;
			};
			name = Release;
		};
		5AACF2AA1B6731CB00A762B1 /* Debug */ = {
			isa = XCBuildConfiguration;
			buildSettings = {
				BUNDLE_LOADER = "$(TEST_HOST)";
				FRAMEWORK_SEARCH_PATHS = (
					"$(SDKROOT)/Developer/Library/Frameworks",
					"$(inherited)",
					"$(PROJECT_DIR)",
				);
				GCC_PREPROCESSOR_DEFINITIONS = (
					"DEBUG=1",
					"$(inherited)",
				);
				INFOPLIST_FILE = IndoorMapsTests/Info.plist;
				LD_RUNPATH_SEARCH_PATHS = "$(inherited) @executable_path/Frameworks @loader_path/Frameworks";
				PRODUCT_NAME = "$(TARGET_NAME)";
				TEST_HOST = "$(BUILT_PRODUCTS_DIR)/IndoorMaps.app/IndoorMaps";
			};
			name = Debug;
		};
		5AACF2AB1B6731CB00A762B1 /* Release */ = {
			isa = XCBuildConfiguration;
			buildSettings = {
				BUNDLE_LOADER = "$(TEST_HOST)";
				FRAMEWORK_SEARCH_PATHS = (
					"$(SDKROOT)/Developer/Library/Frameworks",
					"$(inherited)",
					"$(PROJECT_DIR)",
				);
				INFOPLIST_FILE = IndoorMapsTests/Info.plist;
				LD_RUNPATH_SEARCH_PATHS = "$(inherited) @executable_path/Frameworks @loader_path/Frameworks";
				PRODUCT_NAME = "$(TARGET_NAME)";
				TEST_HOST = "$(BUILT_PRODUCTS_DIR)/IndoorMaps.app/IndoorMaps";
			};
			name = Release;
		};
/* End XCBuildConfiguration section */

/* Begin XCConfigurationList section */
		5AACF27B1B6731CB00A762B1 /* Build configuration list for PBXProject "IndoorMaps" */ = {
			isa = XCConfigurationList;
			buildConfigurations = (
				5AACF2A41B6731CB00A762B1 /* Debug */,
				5AACF2A51B6731CB00A762B1 /* Release */,
			);
			defaultConfigurationIsVisible = 0;
			defaultConfigurationName = Release;
		};
		5AACF2A61B6731CB00A762B1 /* Build configuration list for PBXNativeTarget "IndoorMaps" */ = {
			isa = XCConfigurationList;
			buildConfigurations = (
				5AACF2A71B6731CB00A762B1 /* Debug */,
				5AACF2A81B6731CB00A762B1 /* Release */,
			);
			defaultConfigurationIsVisible = 0;
			defaultConfigurationName = Release;
		};
		5AACF2A91B6731CB00A762B1 /* Build configuration list for PBXNativeTarget "IndoorMapsTests" */ = {
			isa = XCConfigurationList;
			buildConfigurations = (
				5AACF2AA1B6731CB00A762B1 /* Debug */,
				5AACF2AB1B6731CB00A762B1 /* Release */,
			);
			defaultConfigurationIsVisible = 0;
			defaultConfigurationName = Release;
		};
/* End XCConfigurationList section */
	};
	rootObject = 5AACF2781B6731CB00A762B1 /* Project object */;
}
